
Microsoft Visual Studio Solution File, Format Version 12.00
# Visual Studio 15
VisualStudioVersion = 15.0.28010.2046
MinimumVisualStudioVersion = 10.0.40219.1
Project("{FAE04EC0-301F-11D3-BF4B-00C04F79EFBC}") = "USBListenerService", "USBListenerService\USBListenerService.csproj", "{21A3BDD2-35E0-4F1B-9CA2-74BFD62AABEA}"
EndProject
Global
	GlobalSection(SolutionConfigurationPlatforms) = preSolution
		Debug|Any CPU = Debug|Any CPU
		Release|Any CPU = Release|Any CPU
	EndGlobalSection
	GlobalSection(ProjectConfigurationPlatforms) = postSolution
		{21A3BDD2-35E0-4F1B-9CA2-74BFD62AABEA}.Debug|Any CPU.ActiveCfg = Debug|Any CPU
		{21A3BDD2-35E0-4F1B-9CA2-74BFD62AABEA}.Debug|Any CPU.Build.0 = Debug|Any CPU
		{21A3BDD2-35E0-4F1B-9CA2-74BFD62AABEA}.Release|Any CPU.ActiveCfg = Release|Any CPU
		{21A3BDD2-35E0-4F1B-9CA2-74BFD62AABEA}.Release|Any CPU.Build.0 = Release|Any CPU
	EndGlobalSection
	GlobalSection(SolutionProperties) = preSolution
		HideSolutionNode = FALSE
	EndGlobalSection
	GlobalSection(ExtensibilityGlobals) = postSolution
		SolutionGuid = {64CB5C09-F1E4-440E-9B04-228233E513FB}
	EndGlobalSection
EndGlobal
